# This file is generated by running "yarn install" inside your project.
# Manual changes might be lost - proceed with caution!

__metadata:
  version: 8
  cacheKey: 10c0

"@hakumi/roblox-api@workspace:.":
  version: 0.0.0-use.local
  resolution: "@hakumi/roblox-api@workspace:."
  dependencies:
    ts-deep-pick: "npm:^0.2.2"
    typescript: "npm:^5.2.2"
  languageName: unknown
  linkType: soft

"ts-deep-pick@npm:^0.2.2":
  version: 0.2.2
  resolution: "ts-deep-pick@npm:0.2.2"
  dependencies:
    ts-typetools: "npm:^0.6.1"
  checksum: e128b6fdf75c1fbac85948b32860bb12749265fb60e51f1c20b20277f1e32f1312598f18b75301ecac17497bea88d9b34cad4f7f3ae16320b5349f1539edb320
  languageName: node
  linkType: hard

"ts-typetools@npm:^0.6.1":
  version: 0.6.2
  resolution: "ts-typetools@npm:0.6.2"
  checksum: 1daa6a80aa1318d3c55a48b1a91febf3ccb2d32d02901364f201df1188db28ae8d652da21ee8c5d52abd6b0d05f9e3d01574390788ccb80cbf875791c7d7bd38
  languageName: node
  linkType: hard

"typescript@npm:^5.2.2":
  version: 5.2.2
  resolution: "typescript@npm:5.2.2"
  bin:
    tsc: bin/tsc
    tsserver: bin/tsserver
  checksum: 91ae3e6193d0ddb8656d4c418a033f0f75dec5e077ebbc2bd6d76439b93f35683936ee1bdc0e9cf94ec76863aa49f27159b5788219b50e1cd0cd6d110aa34b07
  languageName: node
  linkType: hard

"typescript@patch:typescript@npm%3A^5.2.2#optional!builtin<compat/typescript>":
  version: 5.2.2
  resolution: "typescript@patch:typescript@npm%3A5.2.2#optional!builtin<compat/typescript>::version=5.2.2&hash=f3b441"
  bin:
    tsc: bin/tsc
    tsserver: bin/tsserver
  checksum: 062c1cee1990e6b9419ce8a55162b8dc917eb87f807e4de0327dbc1c2fa4e5f61bc0dd4e034d38ff541d1ed0479b53bcee8e4de3a4075c51a1724eb6216cb6f5
  languageName: node
  linkType: hard
